
Microsoft Visual Studio Solution File, Format Version 12.00
# Visual Studio Version 17
VisualStudioVersion = 17.4.33122.133
MinimumVisualStudioVersion = 10.0.40219.1
Project("{FAE04EC0-301F-11D3-BF4B-00C04F79EFBC}") = "BookStoreProject", "BookStoreProject\BookStoreProject.csproj", "{FA3D3FC3-55BE-46DA-B49A-68358ABA96FD}"
EndProject
Global
	GlobalSection(SolutionConfigurationPlatforms) = preSolution
		Debug|Any CPU = Debug|Any CPU
		Release|Any CPU = Release|Any CPU
	EndGlobalSection
	GlobalSection(ProjectConfigurationPlatforms) = postSolution
		{FA3D3FC3-55BE-46DA-B49A-68358ABA96FD}.Debug|Any CPU.ActiveCfg = Debug|Any CPU
		{FA3D3FC3-55BE-46DA-B49A-68358ABA96FD}.Debug|Any CPU.Build.0 = Debug|Any CPU
		{FA3D3FC3-55BE-46DA-B49A-68358ABA96FD}.Release|Any CPU.ActiveCfg = Release|Any CPU
		{FA3D3FC3-55BE-46DA-B49A-68358ABA96FD}.Release|Any CPU.Build.0 = Release|Any CPU
	EndGlobalSection
	GlobalSection(SolutionProperties) = preSolution
		HideSolutionNode = FALSE
	EndGlobalSection
	GlobalSection(ExtensibilityGlobals) = postSolution
		SolutionGuid = {C2EC6212-27C2-440A-B9D8-D3898ED1B444}
	EndGlobalSection
EndGlobal
